
Microsoft Visual Studio Solution File, Format Version 11.00
# Visual Studio 2010
Project("{FAE04EC0-301F-11D3-BF4B-00C04F79EFBC}") = "HARReplayer", "HARReplayer\HARReplayer.csproj", "{565BBC1E-FE87-4AEE-8FDD-4B2722DD66ED}"
EndProject
Global
	GlobalSection(SolutionConfigurationPlatforms) = preSolution
		Debug|x86 = Debug|x86
		Release|x86 = Release|x86
	EndGlobalSection
	GlobalSection(ProjectConfigurationPlatforms) = postSolution
		{565BBC1E-FE87-4AEE-8FDD-4B2722DD66ED}.Debug|x86.ActiveCfg = Debug|x86
		{565BBC1E-FE87-4AEE-8FDD-4B2722DD66ED}.Debug|x86.Build.0 = Debug|x86
		{565BBC1E-FE87-4AEE-8FDD-4B2722DD66ED}.Release|x86.ActiveCfg = Release|x86
		{565BBC1E-FE87-4AEE-8FDD-4B2722DD66ED}.Release|x86.Build.0 = Release|x86
	EndGlobalSection
	GlobalSection(SolutionProperties) = preSolution
		HideSolutionNode = FALSE
	EndGlobalSection
EndGlobal
